# This file was autogenerated by Stack.
# You should not edit this file by hand.
# For more information, please see the documentation at:
#   https://docs.haskellstack.org/en/stable/lock_files

packages:
- completed:
    hackage: gasp-1.0.1.0@sha256:c07f5a9de7a32f814f56b9f53d0d59c1ce425e41cf04e3992334e78591305271,524
    pantry-tree:
      size: 208
      sha256: 33bf6780c771a8e58f0fe5e51f632c53931ad6a1f1b8bfd389f4d1786ed5a553
  original:
    hackage: gasp-1.0.1.0
- completed:
    hackage: cabal-helper-0.6.0.0@sha256:df165bd90c786f606d90351d8cdb0fa3d4eb8e6eeff78624ad2fae6a897398c2,4497
    pantry-tree:
      size: 897
      sha256: 7209dad32396324c4153e313d57dbe12fb5d5b96b607140ebf9eace2e5734c96
  original:
    hackage: cabal-helper-0.6.0.0
snapshots:
- completed:
    size: 567338
    url: https://raw.githubusercontent.com/commercialhaskell/stackage-snapshots/master/lts/10/2.yaml
    sha256: 092cce7d8bb031346c99d4847906457edc1e89815e7f4477d3c9a96386e70144
  original: lts-10.2
